
Microsoft Visual Studio Solution File, Format Version 12.00
# Visual Studio 15
VisualStudioVersion = 15.0.28307.489
MinimumVisualStudioVersion = 10.0.40219.1
Project("{FAE04EC0-301F-11D3-BF4B-00C04F79EFBC}") = "BigNumber", "BigNumber\BigNumber.csproj", "{9D61D6AB-A182-443F-9840-AAF8D160EEFB}"
	ProjectSection(ProjectDependencies) = postProject
		{7BAE4B68-3863-4D8F-96E2-46665944C21B} = {7BAE4B68-3863-4D8F-96E2-46665944C21B}
	EndProjectSection
EndProject
Project("{FAE04EC0-301F-11D3-BF4B-00C04F79EFBC}") = "BigNumberLibrary", "BigNumberLibrary\BigNumberLibrary.csproj", "{7BAE4B68-3863-4D8F-96E2-46665944C21B}"
EndProject
Project("{FAE04EC0-301F-11D3-BF4B-00C04F79EFBC}") = "ExecBigNumber", "ExecBigNumber\ExecBigNumber.csproj", "{6FF5B5BE-521A-4FA7-AE0E-972AE09E278C}"
	ProjectSection(ProjectDependencies) = postProject
		{7BAE4B68-3863-4D8F-96E2-46665944C21B} = {7BAE4B68-3863-4D8F-96E2-46665944C21B}
	EndProjectSection
EndProject
Global
	GlobalSection(SolutionConfigurationPlatforms) = preSolution
		Debug|Any CPU = Debug|Any CPU
		Release|Any CPU = Release|Any CPU
	EndGlobalSection
	GlobalSection(ProjectConfigurationPlatforms) = postSolution
		{9D61D6AB-A182-443F-9840-AAF8D160EEFB}.Debug|Any CPU.ActiveCfg = Debug|Any CPU
		{9D61D6AB-A182-443F-9840-AAF8D160EEFB}.Debug|Any CPU.Build.0 = Debug|Any CPU
		{9D61D6AB-A182-443F-9840-AAF8D160EEFB}.Release|Any CPU.ActiveCfg = Release|Any CPU
		{9D61D6AB-A182-443F-9840-AAF8D160EEFB}.Release|Any CPU.Build.0 = Release|Any CPU
		{7BAE4B68-3863-4D8F-96E2-46665944C21B}.Debug|Any CPU.ActiveCfg = Debug|Any CPU
		{7BAE4B68-3863-4D8F-96E2-46665944C21B}.Debug|Any CPU.Build.0 = Debug|Any CPU
		{7BAE4B68-3863-4D8F-96E2-46665944C21B}.Release|Any CPU.ActiveCfg = Release|Any CPU
		{7BAE4B68-3863-4D8F-96E2-46665944C21B}.Release|Any CPU.Build.0 = Release|Any CPU
		{6FF5B5BE-521A-4FA7-AE0E-972AE09E278C}.Debug|Any CPU.ActiveCfg = Debug|Any CPU
		{6FF5B5BE-521A-4FA7-AE0E-972AE09E278C}.Debug|Any CPU.Build.0 = Debug|Any CPU
		{6FF5B5BE-521A-4FA7-AE0E-972AE09E278C}.Release|Any CPU.ActiveCfg = Release|Any CPU
		{6FF5B5BE-521A-4FA7-AE0E-972AE09E278C}.Release|Any CPU.Build.0 = Release|Any CPU
	EndGlobalSection
	GlobalSection(SolutionProperties) = preSolution
		HideSolutionNode = FALSE
	EndGlobalSection
	GlobalSection(ExtensibilityGlobals) = postSolution
		SolutionGuid = {F68E304A-0A2B-428E-B4AF-96F129147D3E}
	EndGlobalSection
EndGlobal
